
Microsoft Visual Studio Solution File, Format Version 12.00
# Visual Studio Version 17
VisualStudioVersion = 17.13.35919.96 d17.13
MinimumVisualStudioVersion = 10.0.40219.1
Project("{FAE04EC0-301F-11D3-BF4B-00C04F79EFBC}") = "Photo&VideoConverter", "Photo&VideoConverter\Photo&VideoConverter.csproj", "{5457E8F3-01DB-45F6-926B-3383DA66166A}"
EndProject
Global
	GlobalSection(SolutionConfigurationPlatforms) = preSolution
		Debug|Any CPU = Debug|Any CPU
		Release|Any CPU = Release|Any CPU
	EndGlobalSection
	GlobalSection(ProjectConfigurationPlatforms) = postSolution
		{5457E8F3-01DB-45F6-926B-3383DA66166A}.Debug|Any CPU.ActiveCfg = Debug|Any CPU
		{5457E8F3-01DB-45F6-926B-3383DA66166A}.Debug|Any CPU.Build.0 = Debug|Any CPU
		{5457E8F3-01DB-45F6-926B-3383DA66166A}.Release|Any CPU.ActiveCfg = Release|Any CPU
		{5457E8F3-01DB-45F6-926B-3383DA66166A}.Release|Any CPU.Build.0 = Release|Any CPU
	EndGlobalSection
	GlobalSection(SolutionProperties) = preSolution
		HideSolutionNode = FALSE
	EndGlobalSection
	GlobalSection(ExtensibilityGlobals) = postSolution
		SolutionGuid = {375F3898-8692-440A-B8A5-54DD416E850F}
	EndGlobalSection
EndGlobal
